
Microsoft Visual Studio Solution File, Format Version 11.00
# Visual Studio 2010
Project("{E24C65DC-7377-472B-9ABA-BC803B73C61A}") = "tuongvan", "tuongvan\", "{6E55F25F-86AE-49D0-AB57-AC076CE12A9B}"
	ProjectSection(WebsiteProperties) = preProject
		TargetFrameworkMoniker = ".NETFramework,Version%3Dv3.5"
		Debug.AspNetCompiler.VirtualPath = "/tuongvan"
		Debug.AspNetCompiler.PhysicalPath = "tuongvan\"
		Debug.AspNetCompiler.TargetPath = "PrecompiledWeb\tuongvan\"
		Debug.AspNetCompiler.Updateable = "true"
		Debug.AspNetCompiler.ForceOverwrite = "true"
		Debug.AspNetCompiler.FixedNames = "false"
		Debug.AspNetCompiler.Debug = "True"
		Release.AspNetCompiler.VirtualPath = "/tuongvan"
		Release.AspNetCompiler.PhysicalPath = "tuongvan\"
		Release.AspNetCompiler.TargetPath = "PrecompiledWeb\tuongvan\"
		Release.AspNetCompiler.Updateable = "true"
		Release.AspNetCompiler.ForceOverwrite = "true"
		Release.AspNetCompiler.FixedNames = "false"
		Release.AspNetCompiler.Debug = "False"
		VWDPort = "4610"
	EndProjectSection
EndProject
Global
	GlobalSection(SolutionConfigurationPlatforms) = preSolution
		Debug|Any CPU = Debug|Any CPU
	EndGlobalSection
	GlobalSection(ProjectConfigurationPlatforms) = postSolution
		{6E55F25F-86AE-49D0-AB57-AC076CE12A9B}.Debug|Any CPU.ActiveCfg = Debug|Any CPU
		{6E55F25F-86AE-49D0-AB57-AC076CE12A9B}.Debug|Any CPU.Build.0 = Debug|Any CPU
	EndGlobalSection
	GlobalSection(SolutionProperties) = preSolution
		HideSolutionNode = FALSE
	EndGlobalSection
EndGlobal
